
Microsoft Visual Studio Solution File, Format Version 12.00
# Visual Studio Version 17
VisualStudioVersion = 17.7.34018.315
MinimumVisualStudioVersion = 10.0.40219.1
Project("{2150E333-8FDC-42A3-9474-1A3956D46DE8}") = "Services", "Services", "{CD66138B-5BF1-44D5-B65F-BD5CE39FD952}"
EndProject
Project("{2150E333-8FDC-42A3-9474-1A3956D46DE8}") = "Catalog", "Catalog", "{0C0F405B-064C-4039-B402-CA96A31B7DE6}"
EndProject
Project("{FAE04EC0-301F-11D3-BF4B-00C04F79EFBC}") = "Catalog.API", "Services\Catalog\Catalog.API\Catalog.API.csproj", "{4E19FB9B-95F1-459B-888B-5E02D8DC8946}"
EndProject
Global
	GlobalSection(SolutionConfigurationPlatforms) = preSolution
		Debug|Any CPU = Debug|Any CPU
		Release|Any CPU = Release|Any CPU
	EndGlobalSection
	GlobalSection(ProjectConfigurationPlatforms) = postSolution
		{4E19FB9B-95F1-459B-888B-5E02D8DC8946}.Debug|Any CPU.ActiveCfg = Debug|Any CPU
		{4E19FB9B-95F1-459B-888B-5E02D8DC8946}.Debug|Any CPU.Build.0 = Debug|Any CPU
		{4E19FB9B-95F1-459B-888B-5E02D8DC8946}.Release|Any CPU.ActiveCfg = Release|Any CPU
		{4E19FB9B-95F1-459B-888B-5E02D8DC8946}.Release|Any CPU.Build.0 = Release|Any CPU
	EndGlobalSection
	GlobalSection(SolutionProperties) = preSolution
		HideSolutionNode = FALSE
	EndGlobalSection
	GlobalSection(NestedProjects) = preSolution
		{0C0F405B-064C-4039-B402-CA96A31B7DE6} = {CD66138B-5BF1-44D5-B65F-BD5CE39FD952}
		{4E19FB9B-95F1-459B-888B-5E02D8DC8946} = {0C0F405B-064C-4039-B402-CA96A31B7DE6}
	EndGlobalSection
	GlobalSection(ExtensibilityGlobals) = postSolution
		SolutionGuid = {2D7B9710-03BF-4EA4-9749-BE24BA5E64AD}
	EndGlobalSection
EndGlobal
